// !$*UTF8*$!
{
	archiveVersion = 1;
	classes = {
	};
	objectVersion = 46;
	objects = {

/* Begin PBXBuildFile section */
		A0328993187C6CF1007BB3C5 /* Foundation.framework in Frameworks */ = {isa = PBXBuildFile; fileRef = A0328992187C6CF1007BB3C5 /* Foundation.framework */; };
		A0328995187C6CF1007BB3C5 /* CoreGraphics.framework in Frameworks */ = {isa = PBXBuildFile; fileRef = A0328994187C6CF1007BB3C5 /* CoreGraphics.framework */; };
		A0328997187C6CF1007BB3C5 /* UIKit.framework in Frameworks */ = {isa = PBXBuildFile; fileRef = A0328996187C6CF1007BB3C5 /* UIKit.framework */; };
		A032899D187C6CF1007BB3C5 /* InfoPlist.strings in Resources */ = {isa = PBXBuildFile; fileRef = A032899B187C6CF1007BB3C5 /* InfoPlist.strings */; };
		A032899F187C6CF1007BB3C5 /* main.m in Sources */ = {isa = PBXBuildFile; fileRef = A032899E187C6CF1007BB3C5 /* main.m */; };
		A03289A3187C6CF1007BB3C5 /* AppDelegate.m in Sources */ = {isa = PBXBuildFile; fileRef = A03289A2187C6CF1007BB3C5 /* AppDelegate.m */; };
		A03289A6187C6CF1007BB3C5 /* Main.storyboard in Resources */ = {isa = PBXBuildFile; fileRef = A03289A4187C6CF1007BB3C5 /* Main.storyboard */; };
		A03289A9187C6CF1007BB3C5 /* ViewController.m in Sources */ = {isa = PBXBuildFile; fileRef = A03289A8187C6CF1007BB3C5 /* ViewController.m */; };
		A03289AB187C6CF1007BB3C5 /* Images.xcassets in Resources */ = {isa = PBXBuildFile; fileRef = A03289AA187C6CF1007BB3C5 /* Images.xcassets */; };
		A03289B2187C6CF1007BB3C5 /* XCTest.framework in Frameworks */ = {isa = PBXBuildFile; fileRef = A03289B1187C6CF1007BB3C5 /* XCTest.framework */; };
		A03289B3187C6CF1007BB3C5 /* Foundation.framework in Frameworks */ = {isa = PBXBuildFile; fileRef = A0328992187C6CF1007BB3C5 /* Foundation.framework */; };
		A03289B4187C6CF1007BB3C5 /* UIKit.framework in Frameworks */ = {isa = PBXBuildFile; fileRef = A0328996187C6CF1007BB3C5 /* UIKit.framework */; };
		A03289BC187C6CF1007BB3C5 /* InfoPlist.strings in Resources */ = {isa = PBXBuildFile; fileRef = A03289BA187C6CF1007BB3C5 /* InfoPlist.strings */; };
		A03289BE187C6CF1007BB3C5 /* DelegateImplementTests.m in Sources */ = {isa = PBXBuildFile; fileRef = A03289BD187C6CF1007BB3C5 /* DelegateImplementTests.m */; };
		A03289C9187C6D05007BB3C5 /* AnotherClass.m in Sources */ = {isa = PBXBuildFile; fileRef = A03289C8187C6D05007BB3C5 /* AnotherClass.m */; };
/* End PBXBuildFile section */

/* Begin PBXContainerItemProxy section */
		A03289B5187C6CF1007BB3C5 /* PBXContainerItemProxy */ = {
			isa = PBXContainerItemProxy;
			containerPortal = A0328987187C6CF1007BB3C5 /* Project object */;
			proxyType = 1;
			remoteGlobalIDString = A032898E187C6CF1007BB3C5;
			remoteInfo = DelegateImplement;
		};
/* End PBXContainerItemProxy section */

/* Begin PBXFileReference section */
		A032898F187C6CF1007BB3C5 /* DelegateImplement.app */ = {isa = PBXFileReference; explicitFileType = wrapper.application; includeInIndex = 0; path = DelegateImplement.app; sourceTree = BUILT_PRODUCTS_DIR; };
		A0328992187C6CF1007BB3C5 /* Foundation.framework */ = {isa = PBXFileReference; lastKnownFileType = wrapper.framework; name = Foundation.framework; path = System/Library/Frameworks/Foundation.framework; sourceTree = SDKROOT; };
		A0328994187C6CF1007BB3C5 /* CoreGraphics.framework */ = {isa = PBXFileReference; lastKnownFileType = wrapper.framework; name = CoreGraphics.framework; path = System/Library/Frameworks/CoreGraphics.framework; sourceTree = SDKROOT; };
		A0328996187C6CF1007BB3C5 /* UIKit.framework */ = {isa = PBXFileReference; lastKnownFileType = wrapper.framework; name = UIKit.framework; path = System/Library/Frameworks/UIKit.framework; sourceTree = SDKROOT; };
		A032899A187C6CF1007BB3C5 /* DelegateImplement-Info.plist */ = {isa = PBXFileReference; lastKnownFileType = text.plist.xml; path = "DelegateImplement-Info.plist"; sourceTree = "<group>"; };
		A032899C187C6CF1007BB3C5 /* en */ = {isa = PBXFileReference; lastKnownFileType = text.plist.strings; name = en; path = en.lproj/InfoPlist.strings; sourceTree = "<group>"; };
		A032899E187C6CF1007BB3C5 /* main.m */ = {isa = PBXFileReference; lastKnownFileType = sourcecode.c.objc; path = main.m; sourceTree = "<group>"; };
		A03289A0187C6CF1007BB3C5 /* DelegateImplement-Prefix.pch */ = {isa = PBXFileReference; lastKnownFileType = sourcecode.c.h; path = "DelegateImplement-Prefix.pch"; sourceTree = "<group>"; };
		A03289A1187C6CF1007BB3C5 /* AppDelegate.h */ = {isa = PBXFileReference; lastKnownFileType = sourcecode.c.h; path = AppDelegate.h; sourceTree = "<group>"; };
		A03289A2187C6CF1007BB3C5 /* AppDelegate.m */ = {isa = PBXFileReference; lastKnownFileType = sourcecode.c.objc; path = AppDelegate.m; sourceTree = "<group>"; };
		A03289A5187C6CF1007BB3C5 /* Base */ = {isa = PBXFileReference; lastKnownFileType = file.storyboard; name = Base; path = Base.lproj/Main.storyboard; sourceTree = "<group>"; };
		A03289A7187C6CF1007BB3C5 /* ViewController.h */ = {isa = PBXFileReference; lastKnownFileType = sourcecode.c.h; path = ViewController.h; sourceTree = "<group>"; };
		A03289A8187C6CF1007BB3C5 /* ViewController.m */ = {isa = PBXFileReference; lastKnownFileType = sourcecode.c.objc; path = ViewController.m; sourceTree = "<group>"; };
		A03289AA187C6CF1007BB3C5 /* Images.xcassets */ = {isa = PBXFileReference; lastKnownFileType = folder.assetcatalog; path = Images.xcassets; sourceTree = "<group>"; };
		A03289B0187C6CF1007BB3C5 /* DelegateImplementTests.xctest */ = {isa = PBXFileReference; explicitFileType = wrapper.cfbundle; includeInIndex = 0; path = DelegateImplementTests.xctest; sourceTree = BUILT_PRODUCTS_DIR; };
		A03289B1187C6CF1007BB3C5 /* XCTest.framework */ = {isa = PBXFileReference; lastKnownFileType = wrapper.framework; name = XCTest.framework; path = Library/Frameworks/XCTest.framework; sourceTree = DEVELOPER_DIR; };
		A03289B9187C6CF1007BB3C5 /* DelegateImplementTests-Info.plist */ = {isa = PBXFileReference; lastKnownFileType = text.plist.xml; path = "DelegateImplementTests-Info.plist"; sourceTree = "<group>"; };
		A03289BB187C6CF1007BB3C5 /* en */ = {isa = PBXFileReference; lastKnownFileType = text.plist.strings; name = en; path = en.lproj/InfoPlist.strings; sourceTree = "<group>"; };
		A03289BD187C6CF1007BB3C5 /* DelegateImplementTests.m */ = {isa = PBXFileReference; lastKnownFileType = sourcecode.c.objc; path = DelegateImplementTests.m; sourceTree = "<group>"; };
		A03289C7187C6D05007BB3C5 /* AnotherClass.h */ = {isa = PBXFileReference; fileEncoding = 4; lastKnownFileType = sourcecode.c.h; path = AnotherClass.h; sourceTree = "<group>"; };
		A03289C8187C6D05007BB3C5 /* AnotherClass.m */ = {isa = PBXFileReference; fileEncoding = 4; lastKnownFileType = sourcecode.c.objc; path = AnotherClass.m; sourceTree = "<group>"; };
/* End PBXFileReference section */

/* Begin PBXFrameworksBuildPhase section */
		A032898C187C6CF1007BB3C5 /* Frameworks */ = {
			isa = PBXFrameworksBuildPhase;
			buildActionMask = 2147483647;
			files = (
				A0328995187C6CF1007BB3C5 /* CoreGraphics.framework in Frameworks */,
				A0328997187C6CF1007BB3C5 /* UIKit.framework in Frameworks */,
				A0328993187C6CF1007BB3C5 /* Foundation.framework in Frameworks */,
			);
			runOnlyForDeploymentPostprocessing = 0;
		};
		A03289AD187C6CF1007BB3C5 /* Frameworks */ = {
			isa = PBXFrameworksBuildPhase;
			buildActionMask = 2147483647;
			files = (
				A03289B2187C6CF1007BB3C5 /* XCTest.framework in Frameworks */,
				A03289B4187C6CF1007BB3C5 /* UIKit.framework in Frameworks */,
				A03289B3187C6CF1007BB3C5 /* Foundation.framework in Frameworks */,
			);
			runOnlyForDeploymentPostprocessing = 0;
		};
/* End PBXFrameworksBuildPhase section */

/* Begin PBXGroup section */
		A0328986187C6CF1007BB3C5 = {
			isa = PBXGroup;
			children = (
				A0328998187C6CF1007BB3C5 /* DelegateImplement */,
				A03289B7187C6CF1007BB3C5 /* DelegateImplementTests */,
				A0328991187C6CF1007BB3C5 /* Frameworks */,
				A0328990187C6CF1007BB3C5 /* Products */,
			);
			sourceTree = "<group>";
		};
		A0328990187C6CF1007BB3C5 /* Products */ = {
			isa = PBXGroup;
			children = (
				A032898F187C6CF1007BB3C5 /* DelegateImplement.app */,
				A03289B0187C6CF1007BB3C5 /* DelegateImplementTests.xctest */,
			);
			name = Products;
			sourceTree = "<group>";
		};
		A0328991187C6CF1007BB3C5 /* Frameworks */ = {
			isa = PBXGroup;
			children = (
				A0328992187C6CF1007BB3C5 /* Foundation.framework */,
				A0328994187C6CF1007BB3C5 /* CoreGraphics.framework */,
				A0328996187C6CF1007BB3C5 /* UIKit.framework */,
				A03289B1187C6CF1007BB3C5 /* XCTest.framework */,
			);
			name = Frameworks;
			sourceTree = "<group>";
		};
		A0328998187C6CF1007BB3C5 /* DelegateImplement */ = {
			isa = PBXGroup;
			children = (
				A03289A1187C6CF1007BB3C5 /* AppDelegate.h */,
				A03289A2187C6CF1007BB3C5 /* AppDelegate.m */,
				A03289A4187C6CF1007BB3C5 /* Main.storyboard */,
				A03289A7187C6CF1007BB3C5 /* ViewController.h */,
				A03289A8187C6CF1007BB3C5 /* ViewController.m */,
				A03289C7187C6D05007BB3C5 /* AnotherClass.h */,
				A03289C8187C6D05007BB3C5 /* AnotherClass.m */,
				A03289AA187C6CF1007BB3C5 /* Images.xcassets */,
				A0328999187C6CF1007BB3C5 /* Supporting Files */,
			);
			path = DelegateImplement;
			sourceTree = "<group>";
		};
		A0328999187C6CF1007BB3C5 /* Supporting Files */ = {
			isa = PBXGroup;
			children = (
				A032899A187C6CF1007BB3C5 /* DelegateImplement-Info.plist */,
				A032899B187C6CF1007BB3C5 /* InfoPlist.strings */,
				A032899E187C6CF1007BB3C5 /* main.m */,
				A03289A0187C6CF1007BB3C5 /* DelegateImplement-Prefix.pch */,
			);
			name = "Supporting Files";
			sourceTree = "<group>";
		};
		A03289B7187C6CF1007BB3C5 /* DelegateImplementTests */ = {
			isa = PBXGroup;
			children = (
				A03289BD187C6CF1007BB3C5 /* DelegateImplementTests.m */,
				A03289B8187C6CF1007BB3C5 /* Supporting Files */,
			);
			path = DelegateImplementTests;
			sourceTree = "<group>";
		};
		A03289B8187C6CF1007BB3C5 /* Supporting Files */ = {
			isa = PBXGroup;
			children = (
				A03289B9187C6CF1007BB3C5 /* DelegateImplementTests-Info.plist */,
				A03289BA187C6CF1007BB3C5 /* InfoPlist.strings */,
			);
			name = "Supporting Files";
			sourceTree = "<group>";
		};
/* End PBXGroup section */

/* Begin PBXNativeTarget section */
		A032898E187C6CF1007BB3C5 /* DelegateImplement */ = {
			isa = PBXNativeTarget;
			buildConfigurationList = A03289C1187C6CF1007BB3C5 /* Build configuration list for PBXNativeTarget "DelegateImplement" */;
			buildPhases = (
				A032898B187C6CF1007BB3C5 /* Sources */,
				A032898C187C6CF1007BB3C5 /* Frameworks */,
				A032898D187C6CF1007BB3C5 /* Resources */,
			);
			buildRules = (
			);
			dependencies = (
			);
			name = DelegateImplement;
			productName = DelegateImplement;
			productReference = A032898F187C6CF1007BB3C5 /* DelegateImplement.app */;
			productType = "com.apple.product-type.application";
		};
		A03289AF187C6CF1007BB3C5 /* DelegateImplementTests */ = {
			isa = PBXNativeTarget;
			buildConfigurationList = A03289C4187C6CF1007BB3C5 /* Build configuration list for PBXNativeTarget "DelegateImplementTests" */;
			buildPhases = (
				A03289AC187C6CF1007BB3C5 /* Sources */,
				A03289AD187C6CF1007BB3C5 /* Frameworks */,
				A03289AE187C6CF1007BB3C5 /* Resources */,
			);
			buildRules = (
			);
			dependencies = (
				A03289B6187C6CF1007BB3C5 /* PBXTargetDependency */,
			);
			name = DelegateImplementTests;
			productName = DelegateImplementTests;
			productReference = A03289B0187C6CF1007BB3C5 /* DelegateImplementTests.xctest */;
			productType = "com.apple.product-type.bundle.unit-test";
		};
/* End PBXNativeTarget section */

/* Begin PBXProject section */
		A0328987187C6CF1007BB3C5 /* Project object */ = {
			isa = PBXProject;
			attributes = {
				LastUpgradeCheck = 0500;
				ORGANIZATIONNAME = "Masud Shuvo";
				TargetAttributes = {
					A03289AF187C6CF1007BB3C5 = {
						TestTargetID = A032898E187C6CF1007BB3C5;
					};
				};
			};
			buildConfigurationList = A032898A187C6CF1007BB3C5 /* Build configuration list for PBXProject "DelegateImplement" */;
			compatibilityVersion = "Xcode 3.2";
			developmentRegion = English;
			hasScannedForEncodings = 0;
			knownRegions = (
				en,
				Base,
			);
			mainGroup = A0328986187C6CF1007BB3C5;
			productRefGroup = A0328990187C6CF1007BB3C5 /* Products */;
			projectDirPath = "";
			projectRoot = "";
			targets = (
				A032898E187C6CF1007BB3C5 /* DelegateImplement */,
				A03289AF187C6CF1007BB3C5 /* DelegateImplementTests */,
			);
		};
/* End PBXProject section */

/* Begin PBXResourcesBuildPhase section */
		A032898D187C6CF1007BB3C5 /* Resources */ = {
			isa = PBXResourcesBuildPhase;
			buildActionMask = 2147483647;
			files = (
				A03289AB187C6CF1007BB3C5 /* Images.xcassets in Resources */,
				A032899D187C6CF1007BB3C5 /* InfoPlist.strings in Resources */,
				A03289A6187C6CF1007BB3C5 /* Main.storyboard in Resources */,
			);
			runOnlyForDeploymentPostprocessing = 0;
		};
		A03289AE187C6CF1007BB3C5 /* Resources */ = {
			isa = PBXResourcesBuildPhase;
			buildActionMask = 2147483647;
			files = (
				A03289BC187C6CF1007BB3C5 /* InfoPlist.strings in Resources */,
			);
			runOnlyForDeploymentPostprocessing = 0;
		};
/* End PBXResourcesBuildPhase section */

/* Begin PBXSourcesBuildPhase section */
		A032898B187C6CF1007BB3C5 /* Sources */ = {
			isa = PBXSourcesBuildPhase;
			buildActionMask = 2147483647;
			files = (
				A03289C9187C6D05007BB3C5 /* AnotherClass.m in Sources */,
				A03289A9187C6CF1007BB3C5 /* ViewController.m in Sources */,
				A03289A3187C6CF1007BB3C5 /* AppDelegate.m in Sources */,
				A032899F187C6CF1007BB3C5 /* main.m in Sources */,
			);
			runOnlyForDeploymentPostprocessing = 0;
		};
		A03289AC187C6CF1007BB3C5 /* Sources */ = {
			isa = PBXSourcesBuildPhase;
			buildActionMask = 2147483647;
			files = (
				A03289BE187C6CF1007BB3C5 /* DelegateImplementTests.m in Sources */,
			);
			runOnlyForDeploymentPostprocessing = 0;
		};
/* End PBXSourcesBuildPhase section */

/* Begin PBXTargetDependency section */
		A03289B6187C6CF1007BB3C5 /* PBXTargetDependency */ = {
			isa = PBXTargetDependency;
			target = A032898E187C6CF1007BB3C5 /* DelegateImplement */;
			targetProxy = A03289B5187C6CF1007BB3C5 /* PBXContainerItemProxy */;
		};
/* End PBXTargetDependency section */

/* Begin PBXVariantGroup section */
		A032899B187C6CF1007BB3C5 /* InfoPlist.strings */ = {
			isa = PBXVariantGroup;
			children = (
				A032899C187C6CF1007BB3C5 /* en */,
			);
			name = InfoPlist.strings;
			sourceTree = "<group>";
		};
		A03289A4187C6CF1007BB3C5 /* Main.storyboard */ = {
			isa = PBXVariantGroup;
			children = (
				A03289A5187C6CF1007BB3C5 /* Base */,
			);
			name = Main.storyboard;
			sourceTree = "<group>";
		};
		A03289BA187C6CF1007BB3C5 /* InfoPlist.strings */ = {
			isa = PBXVariantGroup;
			children = (
				A03289BB187C6CF1007BB3C5 /* en */,
			);
			name = InfoPlist.strings;
			sourceTree = "<group>";
		};
/* End PBXVariantGroup section */

/* Begin XCBuildConfiguration section */
		A03289BF187C6CF1007BB3C5 /* Debug */ = {
			isa = XCBuildConfiguration;
			buildSettings = {
				ALWAYS_SEARCH_USER_PATHS = NO;
				ARCHS = "$(ARCHS_STANDARD_INCLUDING_64_BIT)";
				CLANG_CXX_LANGUAGE_STANDARD = "gnu++0x";
				CLANG_CXX_LIBRARY = "libc++";
				CLANG_ENABLE_MODULES = YES;
				CLANG_ENABLE_OBJC_ARC = YES;
				CLANG_WARN_BOOL_CONVERSION = YES;
				CLANG_WARN_CONSTANT_CONVERSION = YES;
				CLANG_WARN_DIRECT_OBJC_ISA_USAGE = YES_ERROR;
				CLANG_WARN_EMPTY_BODY = YES;
				CLANG_WARN_ENUM_CONVERSION = YES;
				CLANG_WARN_INT_CONVERSION = YES;
				CLANG_WARN_OBJC_ROOT_CLASS = YES_ERROR;
				CLANG_WARN__DUPLICATE_METHOD_MATCH = YES;
				"CODE_SIGN_IDENTITY[sdk=iphoneos*]" = "iPhone Developer";
				COPY_PHASE_STRIP = NO;
				GCC_C_LANGUAGE_STANDARD = gnu99;
				GCC_DYNAMIC_NO_PIC = NO;
				GCC_OPTIMIZATION_LEVEL = 0;
				GCC_PREPROCESSOR_DEFINITIONS = (
					"DEBUG=1",
					"$(inherited)",
				);
				GCC_SYMBOLS_PRIVATE_EXTERN = NO;
				GCC_WARN_64_TO_32_BIT_CONVERSION = YES;
				GCC_WARN_ABOUT_RETURN_TYPE = YES_ERROR;
				GCC_WARN_UNDECLARED_SELECTOR = YES;
				GCC_WARN_UNINITIALIZED_AUTOS = YES;
				GCC_WARN_UNUSED_FUNCTION = YES;
				GCC_WARN_UNUSED_VARIABLE = YES;
				IPHONEOS_DEPLOYMENT_TARGET = 7.0;
				ONLY_ACTIVE_ARCH = YES;
				SDKROOT = iphoneos;
			};
			name = Debug;
		};
		A03289C0187C6CF1007BB3C5 /* Release */ = {
			isa = XCBuildConfiguration;
			buildSettings = {
				ALWAYS_SEARCH_USER_PATHS = NO;
				ARCHS = "$(ARCHS_STANDARD_INCLUDING_64_BIT)";
				CLANG_CXX_LANGUAGE_STANDARD = "gnu++0x";
				CLANG_CXX_LIBRARY = "libc++";
				CLANG_ENABLE_MODULES = YES;
				CLANG_ENABLE_OBJC_ARC = YES;
				CLANG_WARN_BOOL_CONVERSION = YES;
				CLANG_WARN_CONSTANT_CONVERSION = YES;
				CLANG_WARN_DIRECT_OBJC_ISA_USAGE = YES_ERROR;
				CLANG_WARN_EMPTY_BODY = YES;
				CLANG_WARN_ENUM_CONVERSION = YES;
				CLANG_WARN_INT_CONVERSION = YES;
				CLANG_WARN_OBJC_ROOT_CLASS = YES_ERROR;
				CLANG_WARN__DUPLICATE_METHOD_MATCH = YES;
				"CODE_SIGN_IDENTITY[sdk=iphoneos*]" = "iPhone Developer";
				COPY_PHASE_STRIP = YES;
				ENABLE_NS_ASSERTIONS = NO;
				GCC_C_LANGUAGE_STANDARD = gnu99;
				GCC_WARN_64_TO_32_BIT_CONVERSION = YES;
				GCC_WARN_ABOUT_RETURN_TYPE = YES_ERROR;
				GCC_WARN_UNDECLARED_SELECTOR = YES;
				GCC_WARN_UNINITIALIZED_AUTOS = YES;
				GCC_WARN_UNUSED_FUNCTION = YES;
				GCC_WARN_UNUSED_VARIABLE = YES;
				IPHONEOS_DEPLOYMENT_TARGET = 7.0;
				SDKROOT = iphoneos;
				VALIDATE_PRODUCT = YES;
			};
			name = Release;
		};
		A03289C2187C6CF1007BB3C5 /* Debug */ = {
			isa = XCBuildConfiguration;
			buildSettings = {
				ASSETCATALOG_COMPILER_APPICON_NAME = AppIcon;
				ASSETCATALOG_COMPILER_LAUNCHIMAGE_NAME = LaunchImage;
				CODE_SIGN_IDENTITY = "iPhone Developer";
				GCC_PRECOMPILE_PREFIX_HEADER = YES;
				GCC_PREFIX_HEADER = "DelegateImplement/DelegateImplement-Prefix.pch";
				INFOPLIST_FILE = "DelegateImplement/DelegateImplement-Info.plist";
				PRODUCT_NAME = "$(TARGET_NAME)";
				WRAPPER_EXTENSION = app;
			};
			name = Debug;
		};
		A03289C3187C6CF1007BB3C5 /* Release */ = {
			isa = XCBuildConfiguration;
			buildSettings = {
				ASSETCATALOG_COMPILER_APPICON_NAME = AppIcon;
				ASSETCATALOG_COMPILER_LAUNCHIMAGE_NAME = LaunchImage;
				CODE_SIGN_IDENTITY = "iPhone Developer";
				GCC_PRECOMPILE_PREFIX_HEADER = YES;
				GCC_PREFIX_HEADER = "DelegateImplement/DelegateImplement-Prefix.pch";
				INFOPLIST_FILE = "DelegateImplement/DelegateImplement-Info.plist";
				PRODUCT_NAME = "$(TARGET_NAME)";
				WRAPPER_EXTENSION = app;
			};
			name = Release;
		};
		A03289C5187C6CF1007BB3C5 /* Debug */ = {
			isa = XCBuildConfiguration;
			buildSettings = {
				ARCHS = "$(ARCHS_STANDARD_INCLUDING_64_BIT)";
				BUNDLE_LOADER = "$(BUILT_PRODUCTS_DIR)/DelegateImplement.app/DelegateImplement";
				FRAMEWORK_SEARCH_PATHS = (
					"$(SDKROOT)/Developer/Library/Frameworks",
					"$(inherited)",
					"$(DEVELOPER_FRAMEWORKS_DIR)",
				);
				GCC_PRECOMPILE_PREFIX_HEADER = YES;
				GCC_PREFIX_HEADER = "DelegateImplement/DelegateImplement-Prefix.pch";
				GCC_PREPROCESSOR_DEFINITIONS = (
					"DEBUG=1",
					"$(inherited)",
				);
				INFOPLIST_FILE = "DelegateImplementTests/DelegateImplementTests-Info.plist";
				PRODUCT_NAME = "$(TARGET_NAME)";
				TEST_HOST = "$(BUNDLE_LOADER)";
				WRAPPER_EXTENSION = xctest;
			};
			name = Debug;
		};
		A03289C6187C6CF1007BB3C5 /* Release */ = {
			isa = XCBuildConfiguration;
			buildSettings = {
				ARCHS = "$(ARCHS_STANDARD_INCLUDING_64_BIT)";
				BUNDLE_LOADER = "$(BUILT_PRODUCTS_DIR)/DelegateImplement.app/DelegateImplement";
				FRAMEWORK_SEARCH_PATHS = (
					"$(SDKROOT)/Developer/Library/Frameworks",
					"$(inherited)",
					"$(DEVELOPER_FRAMEWORKS_DIR)",
				);
				GCC_PRECOMPILE_PREFIX_HEADER = YES;
				GCC_PREFIX_HEADER = "DelegateImplement/DelegateImplement-Prefix.pch";
				INFOPLIST_FILE = "DelegateImplementTests/DelegateImplementTests-Info.plist";
				PRODUCT_NAME = "$(TARGET_NAME)";
				TEST_HOST = "$(BUNDLE_LOADER)";
				WRAPPER_EXTENSION = xctest;
			};
			name = Release;
		};
/* End XCBuildConfiguration section */

/* Begin XCConfigurationList section */
		A032898A187C6CF1007BB3C5 /* Build configuration list for PBXProject "DelegateImplement" */ = {
			isa = XCConfigurationList;
			buildConfigurations = (
				A03289BF187C6CF1007BB3C5 /* Debug */,
				A03289C0187C6CF1007BB3C5 /* Release */,
			);
			defaultConfigurationIsVisible = 0;
			defaultConfigurationName = Release;
		};
		A03289C1187C6CF1007BB3C5 /* Build configuration list for PBXNativeTarget "DelegateImplement" */ = {
			isa = XCConfigurationList;
			buildConfigurations = (
				A03289C2187C6CF1007BB3C5 /* Debug */,
				A03289C3187C6CF1007BB3C5 /* Release */,
			);
			defaultConfigurationIsVisible = 0;
			defaultConfigurationName = Release;
		};
		A03289C4187C6CF1007BB3C5 /* Build configuration list for PBXNativeTarget "DelegateImplementTests" */ = {
			isa = XCConfigurationList;
			buildConfigurations = (
				A03289C5187C6CF1007BB3C5 /* Debug */,
				A03289C6187C6CF1007BB3C5 /* Release */,
			);
			defaultConfigurationIsVisible = 0;
			defaultConfigurationName = Release;
		};
/* End XCConfigurationList section */
	};
	rootObject = A0328987187C6CF1007BB3C5 /* Project object */;
}
